
Microsoft Visual Studio Solution File, Format Version 12.00
# Visual Studio Version 16
VisualStudioVersion = 16.0.31205.134
MinimumVisualStudioVersion = 10.0.40219.1
Project("{9A19103F-16F7-4668-BE54-9A1E7A4F7556}") = "ConsoleApp6", "ConsoleApp6\ConsoleApp6.csproj", "{076995F7-3897-46AC-BC3C-A36EAF161E48}"
EndProject
Global
	GlobalSection(SolutionConfigurationPlatforms) = preSolution
		Debug|Any CPU = Debug|Any CPU
		Release|Any CPU = Release|Any CPU
	EndGlobalSection
	GlobalSection(ProjectConfigurationPlatforms) = postSolution
		{076995F7-3897-46AC-BC3C-A36EAF161E48}.Debug|Any CPU.ActiveCfg = Debug|Any CPU
		{076995F7-3897-46AC-BC3C-A36EAF161E48}.Debug|Any CPU.Build.0 = Debug|Any CPU
		{076995F7-3897-46AC-BC3C-A36EAF161E48}.Release|Any CPU.ActiveCfg = Release|Any CPU
		{076995F7-3897-46AC-BC3C-A36EAF161E48}.Release|Any CPU.Build.0 = Release|Any CPU
	EndGlobalSection
	GlobalSection(SolutionProperties) = preSolution
		HideSolutionNode = FALSE
	EndGlobalSection
	GlobalSection(ExtensibilityGlobals) = postSolution
		SolutionGuid = {C6E5FC6E-4599-42C8-8C5C-3CF153EF75EF}
	EndGlobalSection
EndGlobal
